
Microsoft Visual Studio Solution File, Format Version 12.00
# Visual Studio Version 17
VisualStudioVersion = 17.1.32228.430
MinimumVisualStudioVersion = 10.0.40219.1
Project("{8BC9CEB8-8B4A-11D0-8D11-00A0C91BC942}") = "laba1_rvs", "laba1_rvs.vcxproj", "{19F77089-809F-4532-A125-F97C18AE2277}"
EndProject
Global
	GlobalSection(SolutionConfigurationPlatforms) = preSolution
		Debug|x64 = Debug|x64
		Release|x64 = Release|x64
	EndGlobalSection
	GlobalSection(ProjectConfigurationPlatforms) = postSolution
		{19F77089-809F-4532-A125-F97C18AE2277}.Debug|x64.ActiveCfg = Debug|x64
		{19F77089-809F-4532-A125-F97C18AE2277}.Debug|x64.Build.0 = Debug|x64
		{19F77089-809F-4532-A125-F97C18AE2277}.Release|x64.ActiveCfg = Release|x64
		{19F77089-809F-4532-A125-F97C18AE2277}.Release|x64.Build.0 = Release|x64
	EndGlobalSection
	GlobalSection(SolutionProperties) = preSolution
		HideSolutionNode = FALSE
	EndGlobalSection
	GlobalSection(ExtensibilityGlobals) = postSolution
		SolutionGuid = {F87A1B09-6FE9-49F2-A099-66AB9C33C543}
	EndGlobalSection
EndGlobal
